
Microsoft Visual Studio Solution File, Format Version 12.00
# Visual Studio Version 16
VisualStudioVersion = 16.0.30907.101
MinimumVisualStudioVersion = 10.0.40219.1
Project("{FAE04EC0-301F-11D3-BF4B-00C04F79EFBC}") = "Client lourd - 2022", "Client lourd - 2022\Client lourd - 2022.csproj", "{365DB66F-106D-4959-B864-7EEF5691E8AE}"
EndProject
Global
	GlobalSection(SolutionConfigurationPlatforms) = preSolution
		Debug|Any CPU = Debug|Any CPU
		Release|Any CPU = Release|Any CPU
	EndGlobalSection
	GlobalSection(ProjectConfigurationPlatforms) = postSolution
		{365DB66F-106D-4959-B864-7EEF5691E8AE}.Debug|Any CPU.ActiveCfg = Debug|Any CPU
		{365DB66F-106D-4959-B864-7EEF5691E8AE}.Debug|Any CPU.Build.0 = Debug|Any CPU
		{365DB66F-106D-4959-B864-7EEF5691E8AE}.Release|Any CPU.ActiveCfg = Release|Any CPU
		{365DB66F-106D-4959-B864-7EEF5691E8AE}.Release|Any CPU.Build.0 = Release|Any CPU
	EndGlobalSection
	GlobalSection(SolutionProperties) = preSolution
		HideSolutionNode = FALSE
	EndGlobalSection
	GlobalSection(ExtensibilityGlobals) = postSolution
		SolutionGuid = {A6D4D2CE-CF9C-4AE4-85A4-510AF75B1184}
	EndGlobalSection
EndGlobal
